
Microsoft Visual Studio Solution File, Format Version 12.00
Project("{FAE04EC0-301F-11D3-BF4B-00C04F79EFBC}") = "SBF.Core", "SBF.Core\SBF.Core.csproj", "{8D858BA7-859B-4717-B87A-94628CC30C94}"
EndProject
Project("{FAE04EC0-301F-11D3-BF4B-00C04F79EFBC}") = "SBF.Tests", "SBF.Tests\SBF.Tests.csproj", "{E6869333-C5AC-45AE-8C2D-0F14BC8E3921}"
EndProject
Project("{FAE04EC0-301F-11D3-BF4B-00C04F79EFBC}") = "SBF.Editor", "SBF.Editor\SBF.Editor.csproj", "{2DCEB784-81A8-4AFC-857E-602855527B57}"
EndProject
Global
	GlobalSection(SolutionConfigurationPlatforms) = preSolution
		Debug|Any CPU = Debug|Any CPU
		Release|Any CPU = Release|Any CPU
	EndGlobalSection
	GlobalSection(ProjectConfigurationPlatforms) = postSolution
		{8D858BA7-859B-4717-B87A-94628CC30C94}.Debug|Any CPU.ActiveCfg = Debug|Any CPU
		{8D858BA7-859B-4717-B87A-94628CC30C94}.Debug|Any CPU.Build.0 = Debug|Any CPU
		{8D858BA7-859B-4717-B87A-94628CC30C94}.Release|Any CPU.ActiveCfg = Release|Any CPU
		{8D858BA7-859B-4717-B87A-94628CC30C94}.Release|Any CPU.Build.0 = Release|Any CPU
		{E6869333-C5AC-45AE-8C2D-0F14BC8E3921}.Debug|Any CPU.ActiveCfg = Debug|Any CPU
		{E6869333-C5AC-45AE-8C2D-0F14BC8E3921}.Debug|Any CPU.Build.0 = Debug|Any CPU
		{E6869333-C5AC-45AE-8C2D-0F14BC8E3921}.Release|Any CPU.ActiveCfg = Release|Any CPU
		{E6869333-C5AC-45AE-8C2D-0F14BC8E3921}.Release|Any CPU.Build.0 = Release|Any CPU
		{2DCEB784-81A8-4AFC-857E-602855527B57}.Debug|Any CPU.ActiveCfg = Debug|Any CPU
		{2DCEB784-81A8-4AFC-857E-602855527B57}.Debug|Any CPU.Build.0 = Debug|Any CPU
		{2DCEB784-81A8-4AFC-857E-602855527B57}.Release|Any CPU.ActiveCfg = Release|Any CPU
		{2DCEB784-81A8-4AFC-857E-602855527B57}.Release|Any CPU.Build.0 = Release|Any CPU
	EndGlobalSection
EndGlobal
